
Microsoft Visual Studio Solution File, Format Version 12.00
# Visual Studio Version 17
VisualStudioVersion = 17.0.31903.59
MinimumVisualStudioVersion = 10.0.40219.1
Project("{2150E333-8FDC-42A3-9474-1A3956D46DE8}") = "src", "src", "{827E0CD3-B72D-47B6-A68D-7590B98EB39B}"
EndProject
Project("{FAE04EC0-301F-11D3-BF4B-00C04F79EFBC}") = "HeroStory.Core", "src\HeroStory.Core\HeroStory.Core.csproj", "{6AD36DD0-E0BF-4B13-9523-8565AE69FCFA}"
EndProject
Project("{FAE04EC0-301F-11D3-BF4B-00C04F79EFBC}") = "HeroStory.Infrastructure", "src\HeroStory.Infrastructure\HeroStory.Infrastructure.csproj", "{4ACD5A4D-F8BC-4C88-B2EF-21EA1C4BB831}"
EndProject
Project("{FAE04EC0-301F-11D3-BF4B-00C04F79EFBC}") = "HeroStory.Api", "src\HeroStory.Api\HeroStory.Api.csproj", "{5F438E9A-B6DE-440C-A946-22264857BFC3}"
EndProject
Project("{FAE04EC0-301F-11D3-BF4B-00C04F79EFBC}") = "HeroStory.Worker", "src\HeroStory.Worker\HeroStory.Worker.csproj", "{028513D0-AD16-4B3D-BB87-D7F9573DCA6C}"
EndProject
Project("{2150E333-8FDC-42A3-9474-1A3956D46DE8}") = "tests", "tests", "{0AB3BF05-4346-4AA6-1389-037BE0695223}"
EndProject
Project("{FAE04EC0-301F-11D3-BF4B-00C04F79EFBC}") = "HeroStory.UnitTests", "tests\HeroStory.UnitTests\HeroStory.UnitTests.csproj", "{9E33DC07-DB92-4D07-A8BC-60DD11D41139}"
EndProject
Project("{FAE04EC0-301F-11D3-BF4B-00C04F79EFBC}") = "HeroStory.IntegrationTests", "tests\HeroStory.IntegrationTests\HeroStory.IntegrationTests.csproj", "{F093EAE1-5DCD-4C65-9852-AC864720BBD4}"
EndProject
Global
	GlobalSection(SolutionConfigurationPlatforms) = preSolution
		Debug|Any CPU = Debug|Any CPU
		Debug|x64 = Debug|x64
		Debug|x86 = Debug|x86
		Release|Any CPU = Release|Any CPU
		Release|x64 = Release|x64
		Release|x86 = Release|x86
	EndGlobalSection
	GlobalSection(ProjectConfigurationPlatforms) = postSolution
		{6AD36DD0-E0BF-4B13-9523-8565AE69FCFA}.Debug|Any CPU.ActiveCfg = Debug|Any CPU
		{6AD36DD0-E0BF-4B13-9523-8565AE69FCFA}.Debug|Any CPU.Build.0 = Debug|Any CPU
		{6AD36DD0-E0BF-4B13-9523-8565AE69FCFA}.Debug|x64.ActiveCfg = Debug|Any CPU
		{6AD36DD0-E0BF-4B13-9523-8565AE69FCFA}.Debug|x64.Build.0 = Debug|Any CPU
		{6AD36DD0-E0BF-4B13-9523-8565AE69FCFA}.Debug|x86.ActiveCfg = Debug|Any CPU
		{6AD36DD0-E0BF-4B13-9523-8565AE69FCFA}.Debug|x86.Build.0 = Debug|Any CPU
		{6AD36DD0-E0BF-4B13-9523-8565AE69FCFA}.Release|Any CPU.ActiveCfg = Release|Any CPU
		{6AD36DD0-E0BF-4B13-9523-8565AE69FCFA}.Release|Any CPU.Build.0 = Release|Any CPU
		{6AD36DD0-E0BF-4B13-9523-8565AE69FCFA}.Release|x64.ActiveCfg = Release|Any CPU
		{6AD36DD0-E0BF-4B13-9523-8565AE69FCFA}.Release|x64.Build.0 = Release|Any CPU
		{6AD36DD0-E0BF-4B13-9523-8565AE69FCFA}.Release|x86.ActiveCfg = Release|Any CPU
		{6AD36DD0-E0BF-4B13-9523-8565AE69FCFA}.Release|x86.Build.0 = Release|Any CPU
		{4ACD5A4D-F8BC-4C88-B2EF-21EA1C4BB831}.Debug|Any CPU.ActiveCfg = Debug|Any CPU
		{4ACD5A4D-F8BC-4C88-B2EF-21EA1C4BB831}.Debug|Any CPU.Build.0 = Debug|Any CPU
		{4ACD5A4D-F8BC-4C88-B2EF-21EA1C4BB831}.Debug|x64.ActiveCfg = Debug|Any CPU
		{4ACD5A4D-F8BC-4C88-B2EF-21EA1C4BB831}.Debug|x64.Build.0 = Debug|Any CPU
		{4ACD5A4D-F8BC-4C88-B2EF-21EA1C4BB831}.Debug|x86.ActiveCfg = Debug|Any CPU
		{4ACD5A4D-F8BC-4C88-B2EF-21EA1C4BB831}.Debug|x86.Build.0 = Debug|Any CPU
		{4ACD5A4D-F8BC-4C88-B2EF-21EA1C4BB831}.Release|Any CPU.ActiveCfg = Release|Any CPU
		{4ACD5A4D-F8BC-4C88-B2EF-21EA1C4BB831}.Release|Any CPU.Build.0 = Release|Any CPU
		{4ACD5A4D-F8BC-4C88-B2EF-21EA1C4BB831}.Release|x64.ActiveCfg = Release|Any CPU
		{4ACD5A4D-F8BC-4C88-B2EF-21EA1C4BB831}.Release|x64.Build.0 = Release|Any CPU
		{4ACD5A4D-F8BC-4C88-B2EF-21EA1C4BB831}.Release|x86.ActiveCfg = Release|Any CPU
		{4ACD5A4D-F8BC-4C88-B2EF-21EA1C4BB831}.Release|x86.Build.0 = Release|Any CPU
		{5F438E9A-B6DE-440C-A946-22264857BFC3}.Debug|Any CPU.ActiveCfg = Debug|Any CPU
		{5F438E9A-B6DE-440C-A946-22264857BFC3}.Debug|Any CPU.Build.0 = Debug|Any CPU
		{5F438E9A-B6DE-440C-A946-22264857BFC3}.Debug|x64.ActiveCfg = Debug|Any CPU
		{5F438E9A-B6DE-440C-A946-22264857BFC3}.Debug|x64.Build.0 = Debug|Any CPU
		{5F438E9A-B6DE-440C-A946-22264857BFC3}.Debug|x86.ActiveCfg = Debug|Any CPU
		{5F438E9A-B6DE-440C-A946-22264857BFC3}.Debug|x86.Build.0 = Debug|Any CPU
		{5F438E9A-B6DE-440C-A946-22264857BFC3}.Release|Any CPU.ActiveCfg = Release|Any CPU
		{5F438E9A-B6DE-440C-A946-22264857BFC3}.Release|Any CPU.Build.0 = Release|Any CPU
		{5F438E9A-B6DE-440C-A946-22264857BFC3}.Release|x64.ActiveCfg = Release|Any CPU
		{5F438E9A-B6DE-440C-A946-22264857BFC3}.Release|x64.Build.0 = Release|Any CPU
		{5F438E9A-B6DE-440C-A946-22264857BFC3}.Release|x86.ActiveCfg = Release|Any CPU
		{5F438E9A-B6DE-440C-A946-22264857BFC3}.Release|x86.Build.0 = Release|Any CPU
		{028513D0-AD16-4B3D-BB87-D7F9573DCA6C}.Debug|Any CPU.ActiveCfg = Debug|Any CPU
		{028513D0-AD16-4B3D-BB87-D7F9573DCA6C}.Debug|Any CPU.Build.0 = Debug|Any CPU
		{028513D0-AD16-4B3D-BB87-D7F9573DCA6C}.Debug|x64.ActiveCfg = Debug|Any CPU
		{028513D0-AD16-4B3D-BB87-D7F9573DCA6C}.Debug|x64.Build.0 = Debug|Any CPU
		{028513D0-AD16-4B3D-BB87-D7F9573DCA6C}.Debug|x86.ActiveCfg = Debug|Any CPU
		{028513D0-AD16-4B3D-BB87-D7F9573DCA6C}.Debug|x86.Build.0 = Debug|Any CPU
		{028513D0-AD16-4B3D-BB87-D7F9573DCA6C}.Release|Any CPU.ActiveCfg = Release|Any CPU
		{028513D0-AD16-4B3D-BB87-D7F9573DCA6C}.Release|Any CPU.Build.0 = Release|Any CPU
		{028513D0-AD16-4B3D-BB87-D7F9573DCA6C}.Release|x64.ActiveCfg = Release|Any CPU
		{028513D0-AD16-4B3D-BB87-D7F9573DCA6C}.Release|x64.Build.0 = Release|Any CPU
		{028513D0-AD16-4B3D-BB87-D7F9573DCA6C}.Release|x86.ActiveCfg = Release|Any CPU
		{028513D0-AD16-4B3D-BB87-D7F9573DCA6C}.Release|x86.Build.0 = Release|Any CPU
		{9E33DC07-DB92-4D07-A8BC-60DD11D41139}.Debug|Any CPU.ActiveCfg = Debug|Any CPU
		{9E33DC07-DB92-4D07-A8BC-60DD11D41139}.Debug|Any CPU.Build.0 = Debug|Any CPU
		{9E33DC07-DB92-4D07-A8BC-60DD11D41139}.Debug|x64.ActiveCfg = Debug|Any CPU
		{9E33DC07-DB92-4D07-A8BC-60DD11D41139}.Debug|x64.Build.0 = Debug|Any CPU
		{9E33DC07-DB92-4D07-A8BC-60DD11D41139}.Debug|x86.ActiveCfg = Debug|Any CPU
		{9E33DC07-DB92-4D07-A8BC-60DD11D41139}.Debug|x86.Build.0 = Debug|Any CPU
		{9E33DC07-DB92-4D07-A8BC-60DD11D41139}.Release|Any CPU.ActiveCfg = Release|Any CPU
		{9E33DC07-DB92-4D07-A8BC-60DD11D41139}.Release|Any CPU.Build.0 = Release|Any CPU
		{9E33DC07-DB92-4D07-A8BC-60DD11D41139}.Release|x64.ActiveCfg = Release|Any CPU
		{9E33DC07-DB92-4D07-A8BC-60DD11D41139}.Release|x64.Build.0 = Release|Any CPU
		{9E33DC07-DB92-4D07-A8BC-60DD11D41139}.Release|x86.ActiveCfg = Release|Any CPU
		{9E33DC07-DB92-4D07-A8BC-60DD11D41139}.Release|x86.Build.0 = Release|Any CPU
		{F093EAE1-5DCD-4C65-9852-AC864720BBD4}.Debug|Any CPU.ActiveCfg = Debug|Any CPU
		{F093EAE1-5DCD-4C65-9852-AC864720BBD4}.Debug|Any CPU.Build.0 = Debug|Any CPU
		{F093EAE1-5DCD-4C65-9852-AC864720BBD4}.Debug|x64.ActiveCfg = Debug|Any CPU
		{F093EAE1-5DCD-4C65-9852-AC864720BBD4}.Debug|x64.Build.0 = Debug|Any CPU
		{F093EAE1-5DCD-4C65-9852-AC864720BBD4}.Debug|x86.ActiveCfg = Debug|Any CPU
		{F093EAE1-5DCD-4C65-9852-AC864720BBD4}.Debug|x86.Build.0 = Debug|Any CPU
		{F093EAE1-5DCD-4C65-9852-AC864720BBD4}.Release|Any CPU.ActiveCfg = Release|Any CPU
		{F093EAE1-5DCD-4C65-9852-AC864720BBD4}.Release|Any CPU.Build.0 = Release|Any CPU
		{F093EAE1-5DCD-4C65-9852-AC864720BBD4}.Release|x64.ActiveCfg = Release|Any CPU
		{F093EAE1-5DCD-4C65-9852-AC864720BBD4}.Release|x64.Build.0 = Release|Any CPU
		{F093EAE1-5DCD-4C65-9852-AC864720BBD4}.Release|x86.ActiveCfg = Release|Any CPU
		{F093EAE1-5DCD-4C65-9852-AC864720BBD4}.Release|x86.Build.0 = Release|Any CPU
	EndGlobalSection
	GlobalSection(SolutionProperties) = preSolution
		HideSolutionNode = FALSE
	EndGlobalSection
	GlobalSection(NestedProjects) = preSolution
		{6AD36DD0-E0BF-4B13-9523-8565AE69FCFA} = {827E0CD3-B72D-47B6-A68D-7590B98EB39B}
		{4ACD5A4D-F8BC-4C88-B2EF-21EA1C4BB831} = {827E0CD3-B72D-47B6-A68D-7590B98EB39B}
		{5F438E9A-B6DE-440C-A946-22264857BFC3} = {827E0CD3-B72D-47B6-A68D-7590B98EB39B}
		{028513D0-AD16-4B3D-BB87-D7F9573DCA6C} = {827E0CD3-B72D-47B6-A68D-7590B98EB39B}
		{9E33DC07-DB92-4D07-A8BC-60DD11D41139} = {0AB3BF05-4346-4AA6-1389-037BE0695223}
		{F093EAE1-5DCD-4C65-9852-AC864720BBD4} = {0AB3BF05-4346-4AA6-1389-037BE0695223}
	EndGlobalSection
EndGlobal
